// !$*UTF8*$!
{
	archiveVersion = 1;
	classes = {
	};
	objectVersion = 55;
	objects = {

/* Begin PBXBuildFile section */
		764075E5290622D900AAAC9A /* RxCocoa in Frameworks */ = {isa = PBXBuildFile; productRef = 764075E4290622D900AAAC9A /* RxCocoa */; };
		764075E7290622D900AAAC9A /* RxSwift in Frameworks */ = {isa = PBXBuildFile; productRef = 764075E6290622D900AAAC9A /* RxSwift */; };
		7678223028FE31700081EA72 /* AppDelegate.swift in Sources */ = {isa = PBXBuildFile; fileRef = 7678222F28FE31700081EA72 /* AppDelegate.swift */; };
		7678223228FE31700081EA72 /* SceneDelegate.swift in Sources */ = {isa = PBXBuildFile; fileRef = 7678223128FE31700081EA72 /* SceneDelegate.swift */; };
		7678223428FE31700081EA72 /* SimpleTableViewController.swift in Sources */ = {isa = PBXBuildFile; fileRef = 7678223328FE31700081EA72 /* SimpleTableViewController.swift */; };
		7678223728FE31700081EA72 /* Main.storyboard in Resources */ = {isa = PBXBuildFile; fileRef = 7678223528FE31700081EA72 /* Main.storyboard */; };
		7678223928FE31710081EA72 /* Assets.xcassets in Resources */ = {isa = PBXBuildFile; fileRef = 7678223828FE31710081EA72 /* Assets.xcassets */; };
		7678223C28FE31710081EA72 /* LaunchScreen.storyboard in Resources */ = {isa = PBXBuildFile; fileRef = 7678223A28FE31710081EA72 /* LaunchScreen.storyboard */; };
		7678224428FE38F80081EA72 /* SimpleCollectionViewController.swift in Sources */ = {isa = PBXBuildFile; fileRef = 7678224328FE38F80081EA72 /* SimpleCollectionViewController.swift */; };
		7678224828FF90660081EA72 /* DiffableCollectionViewController.swift in Sources */ = {isa = PBXBuildFile; fileRef = 7678224728FF90660081EA72 /* DiffableCollectionViewController.swift */; };
		76CEDBF02900D08F00521BB5 /* CObservable.swift in Sources */ = {isa = PBXBuildFile; fileRef = 76CEDBEF2900D08F00521BB5 /* CObservable.swift */; };
		76CEDBF22900D13400521BB5 /* NewsViewController.swift in Sources */ = {isa = PBXBuildFile; fileRef = 76CEDBF12900D13400521BB5 /* NewsViewController.swift */; };
		76CEDBF42900D24400521BB5 /* NewViewModel.swift in Sources */ = {isa = PBXBuildFile; fileRef = 76CEDBF32900D24400521BB5 /* NewViewModel.swift */; };
		76CEDBF62900D7A900521BB5 /* News.swift in Sources */ = {isa = PBXBuildFile; fileRef = 76CEDBF52900D7A900521BB5 /* News.swift */; };
		76CEDBF82900ED8800521BB5 /* DiffableViewModel.swift in Sources */ = {isa = PBXBuildFile; fileRef = 76CEDBF72900ED8800521BB5 /* DiffableViewModel.swift */; };
		76CEDBFA2900EE6600521BB5 /* APIKey.swift in Sources */ = {isa = PBXBuildFile; fileRef = 76CEDBF92900EE6600521BB5 /* APIKey.swift */; };
		76CEDBFC2900F04400521BB5 /* SearchPhoto.swift in Sources */ = {isa = PBXBuildFile; fileRef = 76CEDBFB2900F04400521BB5 /* SearchPhoto.swift */; };
		76CEDBFF2900F11B00521BB5 /* Alamofire in Frameworks */ = {isa = PBXBuildFile; productRef = 76CEDBFE2900F11B00521BB5 /* Alamofire */; };
		76CEDC022900F12600521BB5 /* Kingfisher in Frameworks */ = {isa = PBXBuildFile; productRef = 76CEDC012900F12600521BB5 /* Kingfisher */; };
		76CEDC042900F18700521BB5 /* APIService.swift in Sources */ = {isa = PBXBuildFile; fileRef = 76CEDC032900F18700521BB5 /* APIService.swift */; };
/* End PBXBuildFile section */

/* Begin PBXFileReference section */
		7678222C28FE31700081EA72 /* SeSACWeek1617.app */ = {isa = PBXFileReference; explicitFileType = wrapper.application; includeInIndex = 0; path = SeSACWeek1617.app; sourceTree = BUILT_PRODUCTS_DIR; };
		7678222F28FE31700081EA72 /* AppDelegate.swift */ = {isa = PBXFileReference; lastKnownFileType = sourcecode.swift; path = AppDelegate.swift; sourceTree = "<group>"; };
		7678223128FE31700081EA72 /* SceneDelegate.swift */ = {isa = PBXFileReference; lastKnownFileType = sourcecode.swift; path = SceneDelegate.swift; sourceTree = "<group>"; };
		7678223328FE31700081EA72 /* SimpleTableViewController.swift */ = {isa = PBXFileReference; lastKnownFileType = sourcecode.swift; path = SimpleTableViewController.swift; sourceTree = "<group>"; };
		7678223628FE31700081EA72 /* Base */ = {isa = PBXFileReference; lastKnownFileType = file.storyboard; name = Base; path = Base.lproj/Main.storyboard; sourceTree = "<group>"; };
		7678223828FE31710081EA72 /* Assets.xcassets */ = {isa = PBXFileReference; lastKnownFileType = folder.assetcatalog; path = Assets.xcassets; sourceTree = "<group>"; };
		7678223B28FE31710081EA72 /* Base */ = {isa = PBXFileReference; lastKnownFileType = file.storyboard; name = Base; path = Base.lproj/LaunchScreen.storyboard; sourceTree = "<group>"; };
		7678223D28FE31710081EA72 /* Info.plist */ = {isa = PBXFileReference; lastKnownFileType = text.plist.xml; path = Info.plist; sourceTree = "<group>"; };
		7678224328FE38F80081EA72 /* SimpleCollectionViewController.swift */ = {isa = PBXFileReference; lastKnownFileType = sourcecode.swift; path = SimpleCollectionViewController.swift; sourceTree = "<group>"; };
		7678224728FF90660081EA72 /* DiffableCollectionViewController.swift */ = {isa = PBXFileReference; lastKnownFileType = sourcecode.swift; path = DiffableCollectionViewController.swift; sourceTree = "<group>"; };
		76CEDBEF2900D08F00521BB5 /* CObservable.swift */ = {isa = PBXFileReference; lastKnownFileType = sourcecode.swift; path = CObservable.swift; sourceTree = "<group>"; };
		76CEDBF12900D13400521BB5 /* NewsViewController.swift */ = {isa = PBXFileReference; lastKnownFileType = sourcecode.swift; path = NewsViewController.swift; sourceTree = "<group>"; };
		76CEDBF32900D24400521BB5 /* NewViewModel.swift */ = {isa = PBXFileReference; lastKnownFileType = sourcecode.swift; path = NewViewModel.swift; sourceTree = "<group>"; };
		76CEDBF52900D7A900521BB5 /* News.swift */ = {isa = PBXFileReference; lastKnownFileType = sourcecode.swift; path = News.swift; sourceTree = "<group>"; };
		76CEDBF72900ED8800521BB5 /* DiffableViewModel.swift */ = {isa = PBXFileReference; lastKnownFileType = sourcecode.swift; path = DiffableViewModel.swift; sourceTree = "<group>"; };
		76CEDBF92900EE6600521BB5 /* APIKey.swift */ = {isa = PBXFileReference; lastKnownFileType = sourcecode.swift; path = APIKey.swift; sourceTree = "<group>"; };
		76CEDBFB2900F04400521BB5 /* SearchPhoto.swift */ = {isa = PBXFileReference; lastKnownFileType = sourcecode.swift; path = SearchPhoto.swift; sourceTree = "<group>"; };
		76CEDC032900F18700521BB5 /* APIService.swift */ = {isa = PBXFileReference; lastKnownFileType = sourcecode.swift; path = APIService.swift; sourceTree = "<group>"; };
/* End PBXFileReference section */

/* Begin PBXFrameworksBuildPhase section */
		7678222928FE31700081EA72 /* Frameworks */ = {
			isa = PBXFrameworksBuildPhase;
			buildActionMask = 2147483647;
			files = (
				764075E5290622D900AAAC9A /* RxCocoa in Frameworks */,
				76CEDC022900F12600521BB5 /* Kingfisher in Frameworks */,
				764075E7290622D900AAAC9A /* RxSwift in Frameworks */,
				76CEDBFF2900F11B00521BB5 /* Alamofire in Frameworks */,
			);
			runOnlyForDeploymentPostprocessing = 0;
		};
/* End PBXFrameworksBuildPhase section */

/* Begin PBXGroup section */
		764075E82906247A00AAAC9A /* RxSwift */ = {
			isa = PBXGroup;
			children = (
			);
			path = RxSwift;
			sourceTree = "<group>";
		};
		7678222328FE31700081EA72 = {
			isa = PBXGroup;
			children = (
				76CEDBF92900EE6600521BB5 /* APIKey.swift */,
				76CEDC032900F18700521BB5 /* APIService.swift */,
				76CEDBF72900ED8800521BB5 /* DiffableViewModel.swift */,
				76CEDBFB2900F04400521BB5 /* SearchPhoto.swift */,
				7678222D28FE31700081EA72 /* Products */,
				764075E82906247A00AAAC9A /* RxSwift */,
				7678222E28FE31700081EA72 /* SeSACWeek1617 */,
			);
			sourceTree = "<group>";
		};
		7678222D28FE31700081EA72 /* Products */ = {
			isa = PBXGroup;
			children = (
				7678222C28FE31700081EA72 /* SeSACWeek1617.app */,
			);
			name = Products;
			sourceTree = "<group>";
		};
		7678222E28FE31700081EA72 /* SeSACWeek1617 */ = {
			isa = PBXGroup;
			children = (
				76CEDBEE2900CFCF00521BB5 /* MVVMSample */,
				7678222F28FE31700081EA72 /* AppDelegate.swift */,
				7678223128FE31700081EA72 /* SceneDelegate.swift */,
				7678223328FE31700081EA72 /* SimpleTableViewController.swift */,
				7678223528FE31700081EA72 /* Main.storyboard */,
				7678224728FF90660081EA72 /* DiffableCollectionViewController.swift */,
				7678224328FE38F80081EA72 /* SimpleCollectionViewController.swift */,
				7678223828FE31710081EA72 /* Assets.xcassets */,
				7678223A28FE31710081EA72 /* LaunchScreen.storyboard */,
				7678223D28FE31710081EA72 /* Info.plist */,
			);
			path = SeSACWeek1617;
			sourceTree = "<group>";
		};
		76CEDBEE2900CFCF00521BB5 /* MVVMSample */ = {
			isa = PBXGroup;
			children = (
				76CEDBEF2900D08F00521BB5 /* CObservable.swift */,
				76CEDBF12900D13400521BB5 /* NewsViewController.swift */,
				76CEDBF32900D24400521BB5 /* NewViewModel.swift */,
				76CEDBF52900D7A900521BB5 /* News.swift */,
			);
			path = MVVMSample;
			sourceTree = "<group>";
		};
/* End PBXGroup section */

/* Begin PBXNativeTarget section */
		7678222B28FE31700081EA72 /* SeSACWeek1617 */ = {
			isa = PBXNativeTarget;
			buildConfigurationList = 7678224028FE31710081EA72 /* Build configuration list for PBXNativeTarget "SeSACWeek1617" */;
			buildPhases = (
				7678222828FE31700081EA72 /* Sources */,
				7678222928FE31700081EA72 /* Frameworks */,
				7678222A28FE31700081EA72 /* Resources */,
			);
			buildRules = (
			);
			dependencies = (
			);
			name = SeSACWeek1617;
			packageProductDependencies = (
				76CEDBFE2900F11B00521BB5 /* Alamofire */,
				76CEDC012900F12600521BB5 /* Kingfisher */,
				764075E4290622D900AAAC9A /* RxCocoa */,
				764075E6290622D900AAAC9A /* RxSwift */,
			);
			productName = SeSACWeek1617;
			productReference = 7678222C28FE31700081EA72 /* SeSACWeek1617.app */;
			productType = "com.apple.product-type.application";
		};
/* End PBXNativeTarget section */

/* Begin PBXProject section */
		7678222428FE31700081EA72 /* Project object */ = {
			isa = PBXProject;
			attributes = {
				BuildIndependentTargetsInParallel = 1;
				LastSwiftUpdateCheck = 1340;
				LastUpgradeCheck = 1340;
				TargetAttributes = {
					7678222B28FE31700081EA72 = {
						CreatedOnToolsVersion = 13.4.1;
					};
				};
			};
			buildConfigurationList = 7678222728FE31700081EA72 /* Build configuration list for PBXProject "SeSACWeek1617" */;
			compatibilityVersion = "Xcode 13.0";
			developmentRegion = en;
			hasScannedForEncodings = 0;
			knownRegions = (
				en,
				Base,
			);
			mainGroup = 7678222328FE31700081EA72;
			packageReferences = (
				76CEDBFD2900F11B00521BB5 /* XCRemoteSwiftPackageReference "Alamofire" */,
				76CEDC002900F12600521BB5 /* XCRemoteSwiftPackageReference "Kingfisher" */,
				764075E3290622D900AAAC9A /* XCRemoteSwiftPackageReference "RxSwift" */,
			);
			productRefGroup = 7678222D28FE31700081EA72 /* Products */;
			projectDirPath = "";
			projectRoot = "";
			targets = (
				7678222B28FE31700081EA72 /* SeSACWeek1617 */,
			);
		};
/* End PBXProject section */

/* Begin PBXResourcesBuildPhase section */
		7678222A28FE31700081EA72 /* Resources */ = {
			isa = PBXResourcesBuildPhase;
			buildActionMask = 2147483647;
			files = (
				7678223C28FE31710081EA72 /* LaunchScreen.storyboard in Resources */,
				7678223928FE31710081EA72 /* Assets.xcassets in Resources */,
				7678223728FE31700081EA72 /* Main.storyboard in Resources */,
			);
			runOnlyForDeploymentPostprocessing = 0;
		};
/* End PBXResourcesBuildPhase section */

/* Begin PBXSourcesBuildPhase section */
		7678222828FE31700081EA72 /* Sources */ = {
			isa = PBXSourcesBuildPhase;
			buildActionMask = 2147483647;
			files = (
				76CEDBF02900D08F00521BB5 /* CObservable.swift in Sources */,
				7678224828FF90660081EA72 /* DiffableCollectionViewController.swift in Sources */,
				7678224428FE38F80081EA72 /* SimpleCollectionViewController.swift in Sources */,
				76CEDBF62900D7A900521BB5 /* News.swift in Sources */,
				76CEDBFC2900F04400521BB5 /* SearchPhoto.swift in Sources */,
				76CEDBF42900D24400521BB5 /* NewViewModel.swift in Sources */,
				7678223428FE31700081EA72 /* SimpleTableViewController.swift in Sources */,
				76CEDBFA2900EE6600521BB5 /* APIKey.swift in Sources */,
				76CEDBF22900D13400521BB5 /* NewsViewController.swift in Sources */,
				76CEDC042900F18700521BB5 /* APIService.swift in Sources */,
				7678223028FE31700081EA72 /* AppDelegate.swift in Sources */,
				7678223228FE31700081EA72 /* SceneDelegate.swift in Sources */,
				76CEDBF82900ED8800521BB5 /* DiffableViewModel.swift in Sources */,
			);
			runOnlyForDeploymentPostprocessing = 0;
		};
/* End PBXSourcesBuildPhase section */

/* Begin PBXVariantGroup section */
		7678223528FE31700081EA72 /* Main.storyboard */ = {
			isa = PBXVariantGroup;
			children = (
				7678223628FE31700081EA72 /* Base */,
			);
			name = Main.storyboard;
			sourceTree = "<group>";
		};
		7678223A28FE31710081EA72 /* LaunchScreen.storyboard */ = {
			isa = PBXVariantGroup;
			children = (
				7678223B28FE31710081EA72 /* Base */,
			);
			name = LaunchScreen.storyboard;
			sourceTree = "<group>";
		};
/* End PBXVariantGroup section */

/* Begin XCBuildConfiguration section */
		7678223E28FE31710081EA72 /* Debug */ = {
			isa = XCBuildConfiguration;
			buildSettings = {
				ALWAYS_SEARCH_USER_PATHS = NO;
				CLANG_ANALYZER_NONNULL = YES;
				CLANG_ANALYZER_NUMBER_OBJECT_CONVERSION = YES_AGGRESSIVE;
				CLANG_CXX_LANGUAGE_STANDARD = "gnu++17";
				CLANG_ENABLE_MODULES = YES;
				CLANG_ENABLE_OBJC_ARC = YES;
				CLANG_ENABLE_OBJC_WEAK = YES;
				CLANG_WARN_BLOCK_CAPTURE_AUTORELEASING = YES;
				CLANG_WARN_BOOL_CONVERSION = YES;
				CLANG_WARN_COMMA = YES;
				CLANG_WARN_CONSTANT_CONVERSION = YES;
				CLANG_WARN_DEPRECATED_OBJC_IMPLEMENTATIONS = YES;
				CLANG_WARN_DIRECT_OBJC_ISA_USAGE = YES_ERROR;
				CLANG_WARN_DOCUMENTATION_COMMENTS = YES;
				CLANG_WARN_EMPTY_BODY = YES;
				CLANG_WARN_ENUM_CONVERSION = YES;
				CLANG_WARN_INFINITE_RECURSION = YES;
				CLANG_WARN_INT_CONVERSION = YES;
				CLANG_WARN_NON_LITERAL_NULL_CONVERSION = YES;
				CLANG_WARN_OBJC_IMPLICIT_RETAIN_SELF = YES;
				CLANG_WARN_OBJC_LITERAL_CONVERSION = YES;
				CLANG_WARN_OBJC_ROOT_CLASS = YES_ERROR;
				CLANG_WARN_QUOTED_INCLUDE_IN_FRAMEWORK_HEADER = YES;
				CLANG_WARN_RANGE_LOOP_ANALYSIS = YES;
				CLANG_WARN_STRICT_PROTOTYPES = YES;
				CLANG_WARN_SUSPICIOUS_MOVE = YES;
				CLANG_WARN_UNGUARDED_AVAILABILITY = YES_AGGRESSIVE;
				CLANG_WARN_UNREACHABLE_CODE = YES;
				CLANG_WARN__DUPLICATE_METHOD_MATCH = YES;
				COPY_PHASE_STRIP = NO;
				DEBUG_INFORMATION_FORMAT = dwarf;
				ENABLE_STRICT_OBJC_MSGSEND = YES;
				ENABLE_TESTABILITY = YES;
				GCC_C_LANGUAGE_STANDARD = gnu11;
				GCC_DYNAMIC_NO_PIC = NO;
				GCC_NO_COMMON_BLOCKS = YES;
				GCC_OPTIMIZATION_LEVEL = 0;
				GCC_PREPROCESSOR_DEFINITIONS = (
					"DEBUG=1",
					"$(inherited)",
				);
				GCC_WARN_64_TO_32_BIT_CONVERSION = YES;
				GCC_WARN_ABOUT_RETURN_TYPE = YES_ERROR;
				GCC_WARN_UNDECLARED_SELECTOR = YES;
				GCC_WARN_UNINITIALIZED_AUTOS = YES_AGGRESSIVE;
				GCC_WARN_UNUSED_FUNCTION = YES;
				GCC_WARN_UNUSED_VARIABLE = YES;
				IPHONEOS_DEPLOYMENT_TARGET = 15.5;
				MTL_ENABLE_DEBUG_INFO = INCLUDE_SOURCE;
				MTL_FAST_MATH = YES;
				ONLY_ACTIVE_ARCH = YES;
				SDKROOT = iphoneos;
				SWIFT_ACTIVE_COMPILATION_CONDITIONS = DEBUG;
				SWIFT_OPTIMIZATION_LEVEL = "-Onone";
			};
			name = Debug;
		};
		7678223F28FE31710081EA72 /* Release */ = {
			isa = XCBuildConfiguration;
			buildSettings = {
				ALWAYS_SEARCH_USER_PATHS = NO;
				CLANG_ANALYZER_NONNULL = YES;
				CLANG_ANALYZER_NUMBER_OBJECT_CONVERSION = YES_AGGRESSIVE;
				CLANG_CXX_LANGUAGE_STANDARD = "gnu++17";
				CLANG_ENABLE_MODULES = YES;
				CLANG_ENABLE_OBJC_ARC = YES;
				CLANG_ENABLE_OBJC_WEAK = YES;
				CLANG_WARN_BLOCK_CAPTURE_AUTORELEASING = YES;
				CLANG_WARN_BOOL_CONVERSION = YES;
				CLANG_WARN_COMMA = YES;
				CLANG_WARN_CONSTANT_CONVERSION = YES;
				CLANG_WARN_DEPRECATED_OBJC_IMPLEMENTATIONS = YES;
				CLANG_WARN_DIRECT_OBJC_ISA_USAGE = YES_ERROR;
				CLANG_WARN_DOCUMENTATION_COMMENTS = YES;
				CLANG_WARN_EMPTY_BODY = YES;
				CLANG_WARN_ENUM_CONVERSION = YES;
				CLANG_WARN_INFINITE_RECURSION = YES;
				CLANG_WARN_INT_CONVERSION = YES;
				CLANG_WARN_NON_LITERAL_NULL_CONVERSION = YES;
				CLANG_WARN_OBJC_IMPLICIT_RETAIN_SELF = YES;
				CLANG_WARN_OBJC_LITERAL_CONVERSION = YES;
				CLANG_WARN_OBJC_ROOT_CLASS = YES_ERROR;
				CLANG_WARN_QUOTED_INCLUDE_IN_FRAMEWORK_HEADER = YES;
				CLANG_WARN_RANGE_LOOP_ANALYSIS = YES;
				CLANG_WARN_STRICT_PROTOTYPES = YES;
				CLANG_WARN_SUSPICIOUS_MOVE = YES;
				CLANG_WARN_UNGUARDED_AVAILABILITY = YES_AGGRESSIVE;
				CLANG_WARN_UNREACHABLE_CODE = YES;
				CLANG_WARN__DUPLICATE_METHOD_MATCH = YES;
				COPY_PHASE_STRIP = NO;
				DEBUG_INFORMATION_FORMAT = "dwarf-with-dsym";
				ENABLE_NS_ASSERTIONS = NO;
				ENABLE_STRICT_OBJC_MSGSEND = YES;
				GCC_C_LANGUAGE_STANDARD = gnu11;
				GCC_NO_COMMON_BLOCKS = YES;
				GCC_WARN_64_TO_32_BIT_CONVERSION = YES;
				GCC_WARN_ABOUT_RETURN_TYPE = YES_ERROR;
				GCC_WARN_UNDECLARED_SELECTOR = YES;
				GCC_WARN_UNINITIALIZED_AUTOS = YES_AGGRESSIVE;
				GCC_WARN_UNUSED_FUNCTION = YES;
				GCC_WARN_UNUSED_VARIABLE = YES;
				IPHONEOS_DEPLOYMENT_TARGET = 15.5;
				MTL_ENABLE_DEBUG_INFO = NO;
				MTL_FAST_MATH = YES;
				SDKROOT = iphoneos;
				SWIFT_COMPILATION_MODE = wholemodule;
				SWIFT_OPTIMIZATION_LEVEL = "-O";
				VALIDATE_PRODUCT = YES;
			};
			name = Release;
		};
		7678224128FE31710081EA72 /* Debug */ = {
			isa = XCBuildConfiguration;
			buildSettings = {
				ASSETCATALOG_COMPILER_APPICON_NAME = AppIcon;
				ASSETCATALOG_COMPILER_GLOBAL_ACCENT_COLOR_NAME = AccentColor;
				CODE_SIGN_STYLE = Automatic;
				CURRENT_PROJECT_VERSION = 1;
				DEVELOPMENT_TEAM = RJ93CKCV9A;
				GENERATE_INFOPLIST_FILE = YES;
				INFOPLIST_FILE = SeSACWeek1617/Info.plist;
				INFOPLIST_KEY_UIApplicationSupportsIndirectInputEvents = YES;
				INFOPLIST_KEY_UILaunchStoryboardName = LaunchScreen;
				INFOPLIST_KEY_UIMainStoryboardFile = Main;
				INFOPLIST_KEY_UISupportedInterfaceOrientations_iPad = "UIInterfaceOrientationPortrait UIInterfaceOrientationPortraitUpsideDown UIInterfaceOrientationLandscapeLeft UIInterfaceOrientationLandscapeRight";
				INFOPLIST_KEY_UISupportedInterfaceOrientations_iPhone = "UIInterfaceOrientationPortrait UIInterfaceOrientationLandscapeLeft UIInterfaceOrientationLandscapeRight";
				LD_RUNPATH_SEARCH_PATHS = (
					"$(inherited)",
					"@executable_path/Frameworks",
				);
				MARKETING_VERSION = 1.0;
				PRODUCT_BUNDLE_IDENTIFIER = com.vonreal.SeSACWeek1617;
				PRODUCT_NAME = "$(TARGET_NAME)";
				SWIFT_EMIT_LOC_STRINGS = YES;
				SWIFT_VERSION = 5.0;
				TARGETED_DEVICE_FAMILY = "1,2";
			};
			name = Debug;
		};
		7678224228FE31710081EA72 /* Release */ = {
			isa = XCBuildConfiguration;
			buildSettings = {
				ASSETCATALOG_COMPILER_APPICON_NAME = AppIcon;
				ASSETCATALOG_COMPILER_GLOBAL_ACCENT_COLOR_NAME = AccentColor;
				CODE_SIGN_STYLE = Automatic;
				CURRENT_PROJECT_VERSION = 1;
				DEVELOPMENT_TEAM = RJ93CKCV9A;
				GENERATE_INFOPLIST_FILE = YES;
				INFOPLIST_FILE = SeSACWeek1617/Info.plist;
				INFOPLIST_KEY_UIApplicationSupportsIndirectInputEvents = YES;
				INFOPLIST_KEY_UILaunchStoryboardName = LaunchScreen;
				INFOPLIST_KEY_UIMainStoryboardFile = Main;
				INFOPLIST_KEY_UISupportedInterfaceOrientations_iPad = "UIInterfaceOrientationPortrait UIInterfaceOrientationPortraitUpsideDown UIInterfaceOrientationLandscapeLeft UIInterfaceOrientationLandscapeRight";
				INFOPLIST_KEY_UISupportedInterfaceOrientations_iPhone = "UIInterfaceOrientationPortrait UIInterfaceOrientationLandscapeLeft UIInterfaceOrientationLandscapeRight";
				LD_RUNPATH_SEARCH_PATHS = (
					"$(inherited)",
					"@executable_path/Frameworks",
				);
				MARKETING_VERSION = 1.0;
				PRODUCT_BUNDLE_IDENTIFIER = com.vonreal.SeSACWeek1617;
				PRODUCT_NAME = "$(TARGET_NAME)";
				SWIFT_EMIT_LOC_STRINGS = YES;
				SWIFT_VERSION = 5.0;
				TARGETED_DEVICE_FAMILY = "1,2";
			};
			name = Release;
		};
/* End XCBuildConfiguration section */

/* Begin XCConfigurationList section */
		7678222728FE31700081EA72 /* Build configuration list for PBXProject "SeSACWeek1617" */ = {
			isa = XCConfigurationList;
			buildConfigurations = (
				7678223E28FE31710081EA72 /* Debug */,
				7678223F28FE31710081EA72 /* Release */,
			);
			defaultConfigurationIsVisible = 0;
			defaultConfigurationName = Release;
		};
		7678224028FE31710081EA72 /* Build configuration list for PBXNativeTarget "SeSACWeek1617" */ = {
			isa = XCConfigurationList;
			buildConfigurations = (
				7678224128FE31710081EA72 /* Debug */,
				7678224228FE31710081EA72 /* Release */,
			);
			defaultConfigurationIsVisible = 0;
			defaultConfigurationName = Release;
		};
/* End XCConfigurationList section */

/* Begin XCRemoteSwiftPackageReference section */
		764075E3290622D900AAAC9A /* XCRemoteSwiftPackageReference "RxSwift" */ = {
			isa = XCRemoteSwiftPackageReference;
			repositoryURL = "https://github.com/ReactiveX/RxSwift.git";
			requirement = {
				kind = upToNextMajorVersion;
				minimumVersion = 6.0.0;
			};
		};
		76CEDBFD2900F11B00521BB5 /* XCRemoteSwiftPackageReference "Alamofire" */ = {
			isa = XCRemoteSwiftPackageReference;
			repositoryURL = "https://github.com/Alamofire/Alamofire.git";
			requirement = {
				kind = upToNextMajorVersion;
				minimumVersion = 5.0.0;
			};
		};
		76CEDC002900F12600521BB5 /* XCRemoteSwiftPackageReference "Kingfisher" */ = {
			isa = XCRemoteSwiftPackageReference;
			repositoryURL = "https://github.com/onevcat/Kingfisher.git";
			requirement = {
				branch = master;
				kind = branch;
			};
		};
/* End XCRemoteSwiftPackageReference section */

/* Begin XCSwiftPackageProductDependency section */
		764075E4290622D900AAAC9A /* RxCocoa */ = {
			isa = XCSwiftPackageProductDependency;
			package = 764075E3290622D900AAAC9A /* XCRemoteSwiftPackageReference "RxSwift" */;
			productName = RxCocoa;
		};
		764075E6290622D900AAAC9A /* RxSwift */ = {
			isa = XCSwiftPackageProductDependency;
			package = 764075E3290622D900AAAC9A /* XCRemoteSwiftPackageReference "RxSwift" */;
			productName = RxSwift;
		};
		76CEDBFE2900F11B00521BB5 /* Alamofire */ = {
			isa = XCSwiftPackageProductDependency;
			package = 76CEDBFD2900F11B00521BB5 /* XCRemoteSwiftPackageReference "Alamofire" */;
			productName = Alamofire;
		};
		76CEDC012900F12600521BB5 /* Kingfisher */ = {
			isa = XCSwiftPackageProductDependency;
			package = 76CEDC002900F12600521BB5 /* XCRemoteSwiftPackageReference "Kingfisher" */;
			productName = Kingfisher;
		};
/* End XCSwiftPackageProductDependency section */
	};
	rootObject = 7678222428FE31700081EA72 /* Project object */;
}
